// !$*UTF8*$!
{
	archiveVersion = 1;
	classes = {
	};
	objectVersion = 50;
	objects = {

/* Begin PBXBuildFile section */
		378A57D22432C1CE00FA5EF5 /* NotificationCenterKey.swift in Sources */ = {isa = PBXBuildFile; fileRef = 378A57D12432C1CE00FA5EF5 /* NotificationCenterKey.swift */; };
		37A32CF9240DDFBE00FEBF89 /* NotificationGradient.swift in Sources */ = {isa = PBXBuildFile; fileRef = 37A32CF8240DDFBE00FEBF89 /* NotificationGradient.swift */; };
		37C6497924170DD9002A9DD7 /* AddNoteView.swift in Sources */ = {isa = PBXBuildFile; fileRef = 37C6497824170DD9002A9DD7 /* AddNoteView.swift */; };
		37CB6A2C24298252004855AD /* DateExtensions.swift in Sources */ = {isa = PBXBuildFile; fileRef = 37CB6A2B24298252004855AD /* DateExtensions.swift */; };
		37EB6023240882E80088EEAE /* AppDelegate.swift in Sources */ = {isa = PBXBuildFile; fileRef = 37EB6022240882E80088EEAE /* AppDelegate.swift */; };
		37EB6025240882E80088EEAE /* SceneDelegate.swift in Sources */ = {isa = PBXBuildFile; fileRef = 37EB6024240882E80088EEAE /* SceneDelegate.swift */; };
		37EB6028240882E80088EEAE /* Notefication.xcdatamodeld in Sources */ = {isa = PBXBuildFile; fileRef = 37EB6026240882E80088EEAE /* Notefication.xcdatamodeld */; };
		37EB602A240882E80088EEAE /* ContentView.swift in Sources */ = {isa = PBXBuildFile; fileRef = 37EB6029240882E80088EEAE /* ContentView.swift */; };
		37EB602C240882EB0088EEAE /* Assets.xcassets in Resources */ = {isa = PBXBuildFile; fileRef = 37EB602B240882EB0088EEAE /* Assets.xcassets */; };
		37EB602F240882EB0088EEAE /* Preview Assets.xcassets in Resources */ = {isa = PBXBuildFile; fileRef = 37EB602E240882EB0088EEAE /* Preview Assets.xcassets */; };
		37EB6032240882EB0088EEAE /* LaunchScreen.storyboard in Resources */ = {isa = PBXBuildFile; fileRef = 37EB6030240882EB0088EEAE /* LaunchScreen.storyboard */; };
		37EB603B2408834E0088EEAE /* Card.swift in Sources */ = {isa = PBXBuildFile; fileRef = 37EB603A2408834E0088EEAE /* Card.swift */; };
		37EB603D240888F70088EEAE /* NoteDetail.swift in Sources */ = {isa = PBXBuildFile; fileRef = 37EB603C240888F70088EEAE /* NoteDetail.swift */; };
/* End PBXBuildFile section */

/* Begin PBXFileReference section */
		378A57D12432C1CE00FA5EF5 /* NotificationCenterKey.swift */ = {isa = PBXFileReference; lastKnownFileType = sourcecode.swift; path = NotificationCenterKey.swift; sourceTree = "<group>"; };
		37A32CF8240DDFBE00FEBF89 /* NotificationGradient.swift */ = {isa = PBXFileReference; lastKnownFileType = sourcecode.swift; path = NotificationGradient.swift; sourceTree = "<group>"; };
		37C6497824170DD9002A9DD7 /* AddNoteView.swift */ = {isa = PBXFileReference; lastKnownFileType = sourcecode.swift; path = AddNoteView.swift; sourceTree = "<group>"; };
		37CB6A2B24298252004855AD /* DateExtensions.swift */ = {isa = PBXFileReference; lastKnownFileType = sourcecode.swift; path = DateExtensions.swift; sourceTree = "<group>"; };
		37EB601F240882E80088EEAE /* Notefication.app */ = {isa = PBXFileReference; explicitFileType = wrapper.application; includeInIndex = 0; path = Notefication.app; sourceTree = BUILT_PRODUCTS_DIR; };
		37EB6022240882E80088EEAE /* AppDelegate.swift */ = {isa = PBXFileReference; lastKnownFileType = sourcecode.swift; path = AppDelegate.swift; sourceTree = "<group>"; };
		37EB6024240882E80088EEAE /* SceneDelegate.swift */ = {isa = PBXFileReference; lastKnownFileType = sourcecode.swift; path = SceneDelegate.swift; sourceTree = "<group>"; };
		37EB6027240882E80088EEAE /* Notefication.xcdatamodel */ = {isa = PBXFileReference; lastKnownFileType = wrapper.xcdatamodel; path = Notefication.xcdatamodel; sourceTree = "<group>"; };
		37EB6029240882E80088EEAE /* ContentView.swift */ = {isa = PBXFileReference; lastKnownFileType = sourcecode.swift; path = ContentView.swift; sourceTree = "<group>"; };
		37EB602B240882EB0088EEAE /* Assets.xcassets */ = {isa = PBXFileReference; lastKnownFileType = folder.assetcatalog; path = Assets.xcassets; sourceTree = "<group>"; };
		37EB602E240882EB0088EEAE /* Preview Assets.xcassets */ = {isa = PBXFileReference; lastKnownFileType = folder.assetcatalog; path = "Preview Assets.xcassets"; sourceTree = "<group>"; };
		37EB6031240882EB0088EEAE /* Base */ = {isa = PBXFileReference; lastKnownFileType = file.storyboard; name = Base; path = Base.lproj/LaunchScreen.storyboard; sourceTree = "<group>"; };
		37EB6033240882EB0088EEAE /* Info.plist */ = {isa = PBXFileReference; lastKnownFileType = text.plist.xml; path = Info.plist; sourceTree = "<group>"; };
		37EB603A2408834E0088EEAE /* Card.swift */ = {isa = PBXFileReference; lastKnownFileType = sourcecode.swift; path = Card.swift; sourceTree = "<group>"; };
		37EB603C240888F70088EEAE /* NoteDetail.swift */ = {isa = PBXFileReference; lastKnownFileType = sourcecode.swift; path = NoteDetail.swift; sourceTree = "<group>"; };
/* End PBXFileReference section */

/* Begin PBXFrameworksBuildPhase section */
		37EB601C240882E70088EEAE /* Frameworks */ = {
			isa = PBXFrameworksBuildPhase;
			buildActionMask = 2147483647;
			files = (
			);
			runOnlyForDeploymentPostprocessing = 0;
		};
/* End PBXFrameworksBuildPhase section */

/* Begin PBXGroup section */
		37CB6A2A2429823E004855AD /* helper */ = {
			isa = PBXGroup;
			children = (
				37CB6A2B24298252004855AD /* DateExtensions.swift */,
				378A57D12432C1CE00FA5EF5 /* NotificationCenterKey.swift */,
			);
			path = helper;
			sourceTree = "<group>";
		};
		37EB6016240882E70088EEAE = {
			isa = PBXGroup;
			children = (
				37EB6021240882E80088EEAE /* Notefication */,
				37EB6020240882E80088EEAE /* Products */,
			);
			sourceTree = "<group>";
		};
		37EB6020240882E80088EEAE /* Products */ = {
			isa = PBXGroup;
			children = (
				37EB601F240882E80088EEAE /* Notefication.app */,
			);
			name = Products;
			sourceTree = "<group>";
		};
		37EB6021240882E80088EEAE /* Notefication */ = {
			isa = PBXGroup;
			children = (
				37CB6A2A2429823E004855AD /* helper */,
				37EB60392408831B0088EEAE /* views */,
				37EB6022240882E80088EEAE /* AppDelegate.swift */,
				37EB6024240882E80088EEAE /* SceneDelegate.swift */,
				37EB6029240882E80088EEAE /* ContentView.swift */,
				37EB602B240882EB0088EEAE /* Assets.xcassets */,
				37EB6030240882EB0088EEAE /* LaunchScreen.storyboard */,
				37EB6033240882EB0088EEAE /* Info.plist */,
				37EB6026240882E80088EEAE /* Notefication.xcdatamodeld */,
				37EB602D240882EB0088EEAE /* Preview Content */,
			);
			path = Notefication;
			sourceTree = "<group>";
		};
		37EB602D240882EB0088EEAE /* Preview Content */ = {
			isa = PBXGroup;
			children = (
				37EB602E240882EB0088EEAE /* Preview Assets.xcassets */,
			);
			path = "Preview Content";
			sourceTree = "<group>";
		};
		37EB60392408831B0088EEAE /* views */ = {
			isa = PBXGroup;
			children = (
				37EB603A2408834E0088EEAE /* Card.swift */,
				37EB603C240888F70088EEAE /* NoteDetail.swift */,
				37A32CF8240DDFBE00FEBF89 /* NotificationGradient.swift */,
				37C6497824170DD9002A9DD7 /* AddNoteView.swift */,
			);
			path = views;
			sourceTree = "<group>";
		};
/* End PBXGroup section */

/* Begin PBXNativeTarget section */
		37EB601E240882E70088EEAE /* Notefication */ = {
			isa = PBXNativeTarget;
			buildConfigurationList = 37EB6036240882EB0088EEAE /* Build configuration list for PBXNativeTarget "Notefication" */;
			buildPhases = (
				37EB601B240882E70088EEAE /* Sources */,
				37EB601C240882E70088EEAE /* Frameworks */,
				37EB601D240882E70088EEAE /* Resources */,
			);
			buildRules = (
			);
			dependencies = (
			);
			name = Notefication;
			productName = Notefication;
			productReference = 37EB601F240882E80088EEAE /* Notefication.app */;
			productType = "com.apple.product-type.application";
		};
/* End PBXNativeTarget section */

/* Begin PBXProject section */
		37EB6017240882E70088EEAE /* Project object */ = {
			isa = PBXProject;
			attributes = {
				LastSwiftUpdateCheck = 1130;
				LastUpgradeCheck = 1130;
				ORGANIZATIONNAME = "Maegan Wilson";
				TargetAttributes = {
					37EB601E240882E70088EEAE = {
						CreatedOnToolsVersion = 11.3.1;
					};
				};
			};
			buildConfigurationList = 37EB601A240882E70088EEAE /* Build configuration list for PBXProject "Notefication" */;
			compatibilityVersion = "Xcode 9.3";
			developmentRegion = en;
			hasScannedForEncodings = 0;
			knownRegions = (
				en,
				Base,
			);
			mainGroup = 37EB6016240882E70088EEAE;
			productRefGroup = 37EB6020240882E80088EEAE /* Products */;
			projectDirPath = "";
			projectRoot = "";
			targets = (
				37EB601E240882E70088EEAE /* Notefication */,
			);
		};
/* End PBXProject section */

/* Begin PBXResourcesBuildPhase section */
		37EB601D240882E70088EEAE /* Resources */ = {
			isa = PBXResourcesBuildPhase;
			buildActionMask = 2147483647;
			files = (
				37EB6032240882EB0088EEAE /* LaunchScreen.storyboard in Resources */,
				37EB602F240882EB0088EEAE /* Preview Assets.xcassets in Resources */,
				37EB602C240882EB0088EEAE /* Assets.xcassets in Resources */,
			);
			runOnlyForDeploymentPostprocessing = 0;
		};
/* End PBXResourcesBuildPhase section */

/* Begin PBXSourcesBuildPhase section */
		37EB601B240882E70088EEAE /* Sources */ = {
			isa = PBXSourcesBuildPhase;
			buildActionMask = 2147483647;
			files = (
				37EB6023240882E80088EEAE /* AppDelegate.swift in Sources */,
				378A57D22432C1CE00FA5EF5 /* NotificationCenterKey.swift in Sources */,
				37EB6025240882E80088EEAE /* SceneDelegate.swift in Sources */,
				37EB603B2408834E0088EEAE /* Card.swift in Sources */,
				37EB602A240882E80088EEAE /* ContentView.swift in Sources */,
				37A32CF9240DDFBE00FEBF89 /* NotificationGradient.swift in Sources */,
				37CB6A2C24298252004855AD /* DateExtensions.swift in Sources */,
				37EB603D240888F70088EEAE /* NoteDetail.swift in Sources */,
				37C6497924170DD9002A9DD7 /* AddNoteView.swift in Sources */,
				37EB6028240882E80088EEAE /* Notefication.xcdatamodeld in Sources */,
			);
			runOnlyForDeploymentPostprocessing = 0;
		};
/* End PBXSourcesBuildPhase section */

/* Begin PBXVariantGroup section */
		37EB6030240882EB0088EEAE /* LaunchScreen.storyboard */ = {
			isa = PBXVariantGroup;
			children = (
				37EB6031240882EB0088EEAE /* Base */,
			);
			name = LaunchScreen.storyboard;
			sourceTree = "<group>";
		};
/* End PBXVariantGroup section */

/* Begin XCBuildConfiguration section */
		37EB6034240882EB0088EEAE /* Debug */ = {
			isa = XCBuildConfiguration;
			buildSettings = {
				ALWAYS_SEARCH_USER_PATHS = NO;
				CLANG_ANALYZER_NONNULL = YES;
				CLANG_ANALYZER_NUMBER_OBJECT_CONVERSION = YES_AGGRESSIVE;
				CLANG_CXX_LANGUAGE_STANDARD = "gnu++14";
				CLANG_CXX_LIBRARY = "libc++";
				CLANG_ENABLE_MODULES = YES;
				CLANG_ENABLE_OBJC_ARC = YES;
				CLANG_ENABLE_OBJC_WEAK = YES;
				CLANG_WARN_BLOCK_CAPTURE_AUTORELEASING = YES;
				CLANG_WARN_BOOL_CONVERSION = YES;
				CLANG_WARN_COMMA = YES;
				CLANG_WARN_CONSTANT_CONVERSION = YES;
				CLANG_WARN_DEPRECATED_OBJC_IMPLEMENTATIONS = YES;
				CLANG_WARN_DIRECT_OBJC_ISA_USAGE = YES_ERROR;
				CLANG_WARN_DOCUMENTATION_COMMENTS = YES;
				CLANG_WARN_EMPTY_BODY = YES;
				CLANG_WARN_ENUM_CONVERSION = YES;
				CLANG_WARN_INFINITE_RECURSION = YES;
				CLANG_WARN_INT_CONVERSION = YES;
				CLANG_WARN_NON_LITERAL_NULL_CONVERSION = YES;
				CLANG_WARN_OBJC_IMPLICIT_RETAIN_SELF = YES;
				CLANG_WARN_OBJC_LITERAL_CONVERSION = YES;
				CLANG_WARN_OBJC_ROOT_CLASS = YES_ERROR;
				CLANG_WARN_RANGE_LOOP_ANALYSIS = YES;
				CLANG_WARN_STRICT_PROTOTYPES = YES;
				CLANG_WARN_SUSPICIOUS_MOVE = YES;
				CLANG_WARN_UNGUARDED_AVAILABILITY = YES_AGGRESSIVE;
				CLANG_WARN_UNREACHABLE_CODE = YES;
				CLANG_WARN__DUPLICATE_METHOD_MATCH = YES;
				COPY_PHASE_STRIP = NO;
				DEBUG_INFORMATION_FORMAT = dwarf;
				ENABLE_STRICT_OBJC_MSGSEND = YES;
				ENABLE_TESTABILITY = YES;
				GCC_C_LANGUAGE_STANDARD = gnu11;
				GCC_DYNAMIC_NO_PIC = NO;
				GCC_NO_COMMON_BLOCKS = YES;
				GCC_OPTIMIZATION_LEVEL = 0;
				GCC_PREPROCESSOR_DEFINITIONS = (
					"DEBUG=1",
					"$(inherited)",
				);
				GCC_WARN_64_TO_32_BIT_CONVERSION = YES;
				GCC_WARN_ABOUT_RETURN_TYPE = YES_ERROR;
				GCC_WARN_UNDECLARED_SELECTOR = YES;
				GCC_WARN_UNINITIALIZED_AUTOS = YES_AGGRESSIVE;
				GCC_WARN_UNUSED_FUNCTION = YES;
				GCC_WARN_UNUSED_VARIABLE = YES;
				IPHONEOS_DEPLOYMENT_TARGET = 13.2;
				MTL_ENABLE_DEBUG_INFO = INCLUDE_SOURCE;
				MTL_FAST_MATH = YES;
				ONLY_ACTIVE_ARCH = YES;
				SDKROOT = iphoneos;
				SWIFT_ACTIVE_COMPILATION_CONDITIONS = DEBUG;
				SWIFT_OPTIMIZATION_LEVEL = "-Onone";
			};
			name = Debug;
		};
		37EB6035240882EB0088EEAE /* Release */ = {
			isa = XCBuildConfiguration;
			buildSettings = {
				ALWAYS_SEARCH_USER_PATHS = NO;
				CLANG_ANALYZER_NONNULL = YES;
				CLANG_ANALYZER_NUMBER_OBJECT_CONVERSION = YES_AGGRESSIVE;
				CLANG_CXX_LANGUAGE_STANDARD = "gnu++14";
				CLANG_CXX_LIBRARY = "libc++";
				CLANG_ENABLE_MODULES = YES;
				CLANG_ENABLE_OBJC_ARC = YES;
				CLANG_ENABLE_OBJC_WEAK = YES;
				CLANG_WARN_BLOCK_CAPTURE_AUTORELEASING = YES;
				CLANG_WARN_BOOL_CONVERSION = YES;
				CLANG_WARN_COMMA = YES;
				CLANG_WARN_CONSTANT_CONVERSION = YES;
				CLANG_WARN_DEPRECATED_OBJC_IMPLEMENTATIONS = YES;
				CLANG_WARN_DIRECT_OBJC_ISA_USAGE = YES_ERROR;
				CLANG_WARN_DOCUMENTATION_COMMENTS = YES;
				CLANG_WARN_EMPTY_BODY = YES;
				CLANG_WARN_ENUM_CONVERSION = YES;
				CLANG_WARN_INFINITE_RECURSION = YES;
				CLANG_WARN_INT_CONVERSION = YES;
				CLANG_WARN_NON_LITERAL_NULL_CONVERSION = YES;
				CLANG_WARN_OBJC_IMPLICIT_RETAIN_SELF = YES;
				CLANG_WARN_OBJC_LITERAL_CONVERSION = YES;
				CLANG_WARN_OBJC_ROOT_CLASS = YES_ERROR;
				CLANG_WARN_RANGE_LOOP_ANALYSIS = YES;
				CLANG_WARN_STRICT_PROTOTYPES = YES;
				CLANG_WARN_SUSPICIOUS_MOVE = YES;
				CLANG_WARN_UNGUARDED_AVAILABILITY = YES_AGGRESSIVE;
				CLANG_WARN_UNREACHABLE_CODE = YES;
				CLANG_WARN__DUPLICATE_METHOD_MATCH = YES;
				COPY_PHASE_STRIP = NO;
				DEBUG_INFORMATION_FORMAT = "dwarf-with-dsym";
				ENABLE_NS_ASSERTIONS = NO;
				ENABLE_STRICT_OBJC_MSGSEND = YES;
				GCC_C_LANGUAGE_STANDARD = gnu11;
				GCC_NO_COMMON_BLOCKS = YES;
				GCC_WARN_64_TO_32_BIT_CONVERSION = YES;
				GCC_WARN_ABOUT_RETURN_TYPE = YES_ERROR;
				GCC_WARN_UNDECLARED_SELECTOR = YES;
				GCC_WARN_UNINITIALIZED_AUTOS = YES_AGGRESSIVE;
				GCC_WARN_UNUSED_FUNCTION = YES;
				GCC_WARN_UNUSED_VARIABLE = YES;
				IPHONEOS_DEPLOYMENT_TARGET = 13.2;
				MTL_ENABLE_DEBUG_INFO = NO;
				MTL_FAST_MATH = YES;
				SDKROOT = iphoneos;
				SWIFT_COMPILATION_MODE = wholemodule;
				SWIFT_OPTIMIZATION_LEVEL = "-O";
				VALIDATE_PRODUCT = YES;
			};
			name = Release;
		};
		37EB6037240882EB0088EEAE /* Debug */ = {
			isa = XCBuildConfiguration;
			buildSettings = {
				ASSETCATALOG_COMPILER_APPICON_NAME = AppIcon;
				CODE_SIGN_STYLE = Automatic;
				DEVELOPMENT_ASSET_PATHS = "\"Notefication/Preview Content\"";
				DEVELOPMENT_TEAM = ZDK82FGR3Z;
				ENABLE_PREVIEWS = YES;
				INFOPLIST_FILE = Notefication/Info.plist;
				LD_RUNPATH_SEARCH_PATHS = (
					"$(inherited)",
					"@executable_path/Frameworks",
				);
				PRODUCT_BUNDLE_IDENTIFIER = com.appsbymw.Notefication;
				PRODUCT_NAME = "$(TARGET_NAME)";
				SWIFT_VERSION = 5.0;
				TARGETED_DEVICE_FAMILY = "1,2";
			};
			name = Debug;
		};
		37EB6038240882EB0088EEAE /* Release */ = {
			isa = XCBuildConfiguration;
			buildSettings = {
				ASSETCATALOG_COMPILER_APPICON_NAME = AppIcon;
				CODE_SIGN_STYLE = Automatic;
				DEVELOPMENT_ASSET_PATHS = "\"Notefication/Preview Content\"";
				DEVELOPMENT_TEAM = ZDK82FGR3Z;
				ENABLE_PREVIEWS = YES;
				INFOPLIST_FILE = Notefication/Info.plist;
				LD_RUNPATH_SEARCH_PATHS = (
					"$(inherited)",
					"@executable_path/Frameworks",
				);
				PRODUCT_BUNDLE_IDENTIFIER = com.appsbymw.Notefication;
				PRODUCT_NAME = "$(TARGET_NAME)";
				SWIFT_VERSION = 5.0;
				TARGETED_DEVICE_FAMILY = "1,2";
			};
			name = Release;
		};
/* End XCBuildConfiguration section */

/* Begin XCConfigurationList section */
		37EB601A240882E70088EEAE /* Build configuration list for PBXProject "Notefication" */ = {
			isa = XCConfigurationList;
			buildConfigurations = (
				37EB6034240882EB0088EEAE /* Debug */,
				37EB6035240882EB0088EEAE /* Release */,
			);
			defaultConfigurationIsVisible = 0;
			defaultConfigurationName = Release;
		};
		37EB6036240882EB0088EEAE /* Build configuration list for PBXNativeTarget "Notefication" */ = {
			isa = XCConfigurationList;
			buildConfigurations = (
				37EB6037240882EB0088EEAE /* Debug */,
				37EB6038240882EB0088EEAE /* Release */,
			);
			defaultConfigurationIsVisible = 0;
			defaultConfigurationName = Release;
		};
/* End XCConfigurationList section */

/* Begin XCVersionGroup section */
		37EB6026240882E80088EEAE /* Notefication.xcdatamodeld */ = {
			isa = XCVersionGroup;
			children = (
				37EB6027240882E80088EEAE /* Notefication.xcdatamodel */,
			);
			currentVersion = 37EB6027240882E80088EEAE /* Notefication.xcdatamodel */;
			path = Notefication.xcdatamodeld;
			sourceTree = "<group>";
			versionGroupType = wrapper.xcdatamodel;
		};
/* End XCVersionGroup section */
	};
	rootObject = 37EB6017240882E70088EEAE /* Project object */;
}
